
Microsoft Visual Studio Solution File, Format Version 12.00
# Visual Studio 15
VisualStudioVersion = 15.0.27130.0
MinimumVisualStudioVersion = 10.0.40219.1
Project("{9A19103F-16F7-4668-BE54-9A1E7A4F7556}") = "LitleDatabase", "src\LitleDatabase\LitleDatabase.csproj", "{0A0DBCA1-799B-4FB4-AB36-0571463192FC}"
EndProject
Project("{9A19103F-16F7-4668-BE54-9A1E7A4F7556}") = "LitleDatabase.Core", "src\LitleDatabase.Core\LitleDatabase.Core.csproj", "{1F0EEB8A-5ED1-4BCA-8980-9D94C773E054}"
EndProject
Project("{2150E333-8FDC-42A3-9474-1A3956D46DE8}") = "src", "src", "{73AEF74C-76B6-47EF-8677-ADD4BD076676}"
EndProject
Project("{2150E333-8FDC-42A3-9474-1A3956D46DE8}") = "test", "test", "{41FE1003-626E-44F4-B95D-A199E6A815BE}"
EndProject
Project("{9A19103F-16F7-4668-BE54-9A1E7A4F7556}") = "LiveServer.Client", "src\LiveServer.Client\LiveServer.Client.csproj", "{740BC92F-1232-4B2C-9971-F84952342030}"
EndProject
Global
	GlobalSection(SolutionConfigurationPlatforms) = preSolution
		Debug|Any CPU = Debug|Any CPU
		Release|Any CPU = Release|Any CPU
	EndGlobalSection
	GlobalSection(ProjectConfigurationPlatforms) = postSolution
		{0A0DBCA1-799B-4FB4-AB36-0571463192FC}.Debug|Any CPU.ActiveCfg = Debug|Any CPU
		{0A0DBCA1-799B-4FB4-AB36-0571463192FC}.Debug|Any CPU.Build.0 = Debug|Any CPU
		{0A0DBCA1-799B-4FB4-AB36-0571463192FC}.Release|Any CPU.ActiveCfg = Release|Any CPU
		{0A0DBCA1-799B-4FB4-AB36-0571463192FC}.Release|Any CPU.Build.0 = Release|Any CPU
		{1F0EEB8A-5ED1-4BCA-8980-9D94C773E054}.Debug|Any CPU.ActiveCfg = Debug|Any CPU
		{1F0EEB8A-5ED1-4BCA-8980-9D94C773E054}.Debug|Any CPU.Build.0 = Debug|Any CPU
		{1F0EEB8A-5ED1-4BCA-8980-9D94C773E054}.Release|Any CPU.ActiveCfg = Release|Any CPU
		{1F0EEB8A-5ED1-4BCA-8980-9D94C773E054}.Release|Any CPU.Build.0 = Release|Any CPU
		{740BC92F-1232-4B2C-9971-F84952342030}.Debug|Any CPU.ActiveCfg = Debug|Any CPU
		{740BC92F-1232-4B2C-9971-F84952342030}.Debug|Any CPU.Build.0 = Debug|Any CPU
		{740BC92F-1232-4B2C-9971-F84952342030}.Release|Any CPU.ActiveCfg = Release|Any CPU
		{740BC92F-1232-4B2C-9971-F84952342030}.Release|Any CPU.Build.0 = Release|Any CPU
	EndGlobalSection
	GlobalSection(SolutionProperties) = preSolution
		HideSolutionNode = FALSE
	EndGlobalSection
	GlobalSection(NestedProjects) = preSolution
		{0A0DBCA1-799B-4FB4-AB36-0571463192FC} = {73AEF74C-76B6-47EF-8677-ADD4BD076676}
		{1F0EEB8A-5ED1-4BCA-8980-9D94C773E054} = {73AEF74C-76B6-47EF-8677-ADD4BD076676}
		{740BC92F-1232-4B2C-9971-F84952342030} = {73AEF74C-76B6-47EF-8677-ADD4BD076676}
	EndGlobalSection
	GlobalSection(ExtensibilityGlobals) = postSolution
		SolutionGuid = {3F09D9E5-D70D-45AA-A3C6-C547211FCBA7}
	EndGlobalSection
EndGlobal
